// !$*UTF8*$!
{
	archiveVersion = 1;
	classes = {
	};
	objectVersion = 46;
	objects = {

/* Begin PBXBuildFile section */
		532CF74A1CEBB7A9000CABE7 /* NewSiteViewController.swift in Sources */ = {isa = PBXBuildFile; fileRef = 532CF7491CEBB7A9000CABE7 /* NewSiteViewController.swift */; };
		532CF74C1CEBC0BE000CABE7 /* Sitio.swift in Sources */ = {isa = PBXBuildFile; fileRef = 532CF74B1CEBC0BE000CABE7 /* Sitio.swift */; };
		532CF74E1CEBC0CD000CABE7 /* Foto.swift in Sources */ = {isa = PBXBuildFile; fileRef = 532CF74D1CEBC0CD000CABE7 /* Foto.swift */; };
		534E9AD41D1BE9ED005301A4 /* SitioGlobalViewController.swift in Sources */ = {isa = PBXBuildFile; fileRef = 534E9AD31D1BE9ED005301A4 /* SitioGlobalViewController.swift */; };
		534E9AD61D1C09F5005301A4 /* PinAnnotation.swift in Sources */ = {isa = PBXBuildFile; fileRef = 534E9AD51D1C09F5005301A4 /* PinAnnotation.swift */; };
		534E9ADA1D1C345A005301A4 /* FloatRatingView.swift in Sources */ = {isa = PBXBuildFile; fileRef = 534E9AD91D1C345A005301A4 /* FloatRatingView.swift */; };
		534E9ADC1D1C62E7005301A4 /* Valoracion.swift in Sources */ = {isa = PBXBuildFile; fileRef = 534E9ADB1D1C62E7005301A4 /* Valoracion.swift */; };
		53501CF31D1D11B3003C2B61 /* ImageViewController.swift in Sources */ = {isa = PBXBuildFile; fileRef = 53501CF21D1D11B3003C2B61 /* ImageViewController.swift */; };
		535BFEA11CF225F100AF3AE5 /* vwCell.swift in Sources */ = {isa = PBXBuildFile; fileRef = 535BFEA01CF225F100AF3AE5 /* vwCell.swift */; };
		5370B15F1D16FF350023B5DB /* MapaPageViewController.swift in Sources */ = {isa = PBXBuildFile; fileRef = 5370B15E1D16FF350023B5DB /* MapaPageViewController.swift */; };
		5370B1611D170B9F0023B5DB /* MapaTableViewController.swift in Sources */ = {isa = PBXBuildFile; fileRef = 5370B1601D170B9F0023B5DB /* MapaTableViewController.swift */; };
		5399D7361CF9D5E40040C615 /* SitiosTableVController.swift in Sources */ = {isa = PBXBuildFile; fileRef = 5399D7351CF9D5E40040C615 /* SitiosTableVController.swift */; };
		53D2BFE91CC010A400119880 /* SystemConfiguration.framework in Frameworks */ = {isa = PBXBuildFile; fileRef = 53D2BFE81CC010A400119880 /* SystemConfiguration.framework */; };
		53D2BFEB1CC010CF00119880 /* libsqlite3.tbd in Frameworks */ = {isa = PBXBuildFile; fileRef = 53D2BFEA1CC010CF00119880 /* libsqlite3.tbd */; };
		53D2BFED1CC010E700119880 /* libz.tbd in Frameworks */ = {isa = PBXBuildFile; fileRef = 53D2BFEC1CC010E700119880 /* libz.tbd */; };
		53D2C0BA1CC0113100119880 /* backendless.a in Frameworks */ = {isa = PBXBuildFile; fileRef = 53D2BFF01CC0113100119880 /* backendless.a */; };
		53D2C0BB1CC0113100119880 /* CommLibiOS.a in Frameworks */ = {isa = PBXBuildFile; fileRef = 53D2C0341CC0113100119880 /* CommLibiOS.a */; };
		53D2C0C21CC0113100119880 /* MediaLibiOS.a in Frameworks */ = {isa = PBXBuildFile; fileRef = 53D2C0A81CC0113100119880 /* MediaLibiOS.a */; };
		53D2C0C31CC0113100119880 /* libspeex.a in Frameworks */ = {isa = PBXBuildFile; fileRef = 53D2C0B31CC0113100119880 /* libspeex.a */; };
		53D2C0C41CC0113100119880 /* libx264.a in Frameworks */ = {isa = PBXBuildFile; fileRef = 53D2C0B91CC0113100119880 /* libx264.a */; };
		53D2C0CA1CC0BD1400119880 /* RegistroViewController.swift in Sources */ = {isa = PBXBuildFile; fileRef = 53D2C0C91CC0BD1400119880 /* RegistroViewController.swift */; };
		53D2C0CC1CC0D3E700119880 /* Global.swift in Sources */ = {isa = PBXBuildFile; fileRef = 53D2C0CB1CC0D3E700119880 /* Global.swift */; };
		53D2C0CE1CC0F54800119880 /* MainViewController.swift in Sources */ = {isa = PBXBuildFile; fileRef = 53D2C0CD1CC0F54800119880 /* MainViewController.swift */; };
		53D2C0D01CC10A3400119880 /* UserViewController.swift in Sources */ = {isa = PBXBuildFile; fileRef = 53D2C0CF1CC10A3400119880 /* UserViewController.swift */; };
		53D2C0D21CC10E8800119880 /* MapaViewController.swift in Sources */ = {isa = PBXBuildFile; fileRef = 53D2C0D11CC10E8800119880 /* MapaViewController.swift */; };
		53D2C0D41CC10EAA00119880 /* SitioViewController.swift in Sources */ = {isa = PBXBuildFile; fileRef = 53D2C0D31CC10EAA00119880 /* SitioViewController.swift */; };
		53D2C0D61CC10EC100119880 /* InfoViewController.swift in Sources */ = {isa = PBXBuildFile; fileRef = 53D2C0D51CC10EC100119880 /* InfoViewController.swift */; };
		53E587441CBD53E00027E676 /* AppDelegate.swift in Sources */ = {isa = PBXBuildFile; fileRef = 53E587431CBD53E00027E676 /* AppDelegate.swift */; };
		53E587461CBD53E00027E676 /* ViewController.swift in Sources */ = {isa = PBXBuildFile; fileRef = 53E587451CBD53E00027E676 /* ViewController.swift */; };
		53E587491CBD53E00027E676 /* Main.storyboard in Resources */ = {isa = PBXBuildFile; fileRef = 53E587471CBD53E00027E676 /* Main.storyboard */; };
		53E5874B1CBD53E00027E676 /* Assets.xcassets in Resources */ = {isa = PBXBuildFile; fileRef = 53E5874A1CBD53E00027E676 /* Assets.xcassets */; };
		53E5874E1CBD53E00027E676 /* LaunchScreen.storyboard in Resources */ = {isa = PBXBuildFile; fileRef = 53E5874C1CBD53E00027E676 /* LaunchScreen.storyboard */; };
		53E587591CBD53E00027E676 /* pecTests.swift in Sources */ = {isa = PBXBuildFile; fileRef = 53E587581CBD53E00027E676 /* pecTests.swift */; };
		53E587641CBD53E00027E676 /* pecUITests.swift in Sources */ = {isa = PBXBuildFile; fileRef = 53E587631CBD53E00027E676 /* pecUITests.swift */; };
		53EAA9A41CF2CC09002C6FA9 /* PictureViewController.swift in Sources */ = {isa = PBXBuildFile; fileRef = 53EAA9A31CF2CC09002C6FA9 /* PictureViewController.swift */; };
		53FC46171D1C82CD00E6F281 /* PopOverViewController.swift in Sources */ = {isa = PBXBuildFile; fileRef = 53FC46161D1C82CD00E6F281 /* PopOverViewController.swift */; };
/* End PBXBuildFile section */

/* Begin PBXContainerItemProxy section */
		53E587551CBD53E00027E676 /* PBXContainerItemProxy */ = {
			isa = PBXContainerItemProxy;
			containerPortal = 53E587381CBD53E00027E676 /* Project object */;
			proxyType = 1;
			remoteGlobalIDString = 53E5873F1CBD53E00027E676;
			remoteInfo = practica1;
		};
		53E587601CBD53E00027E676 /* PBXContainerItemProxy */ = {
			isa = PBXContainerItemProxy;
			containerPortal = 53E587381CBD53E00027E676 /* Project object */;
			proxyType = 1;
			remoteGlobalIDString = 53E5873F1CBD53E00027E676;
			remoteInfo = practica1;
		};
/* End PBXContainerItemProxy section */

/* Begin PBXFileReference section */
		532CF7491CEBB7A9000CABE7 /* NewSiteViewController.swift */ = {isa = PBXFileReference; fileEncoding = 4; lastKnownFileType = sourcecode.swift; path = NewSiteViewController.swift; sourceTree = "<group>"; };
		532CF74B1CEBC0BE000CABE7 /* Sitio.swift */ = {isa = PBXFileReference; fileEncoding = 4; lastKnownFileType = sourcecode.swift; path = Sitio.swift; sourceTree = "<group>"; };
		532CF74D1CEBC0CD000CABE7 /* Foto.swift */ = {isa = PBXFileReference; fileEncoding = 4; lastKnownFileType = sourcecode.swift; path = Foto.swift; sourceTree = "<group>"; };
		534E9AD31D1BE9ED005301A4 /* SitioGlobalViewController.swift */ = {isa = PBXFileReference; fileEncoding = 4; lastKnownFileType = sourcecode.swift; path = SitioGlobalViewController.swift; sourceTree = "<group>"; };
		534E9AD51D1C09F5005301A4 /* PinAnnotation.swift */ = {isa = PBXFileReference; fileEncoding = 4; lastKnownFileType = sourcecode.swift; path = PinAnnotation.swift; sourceTree = "<group>"; };
		534E9AD91D1C345A005301A4 /* FloatRatingView.swift */ = {isa = PBXFileReference; fileEncoding = 4; lastKnownFileType = sourcecode.swift; path = FloatRatingView.swift; sourceTree = "<group>"; };
		534E9ADB1D1C62E7005301A4 /* Valoracion.swift */ = {isa = PBXFileReference; fileEncoding = 4; lastKnownFileType = sourcecode.swift; path = Valoracion.swift; sourceTree = "<group>"; };
		53501CF21D1D11B3003C2B61 /* ImageViewController.swift */ = {isa = PBXFileReference; fileEncoding = 4; lastKnownFileType = sourcecode.swift; path = ImageViewController.swift; sourceTree = "<group>"; };
		535BFEA01CF225F100AF3AE5 /* vwCell.swift */ = {isa = PBXFileReference; fileEncoding = 4; lastKnownFileType = sourcecode.swift; path = vwCell.swift; sourceTree = "<group>"; };
		5370B15E1D16FF350023B5DB /* MapaPageViewController.swift */ = {isa = PBXFileReference; fileEncoding = 4; lastKnownFileType = sourcecode.swift; path = MapaPageViewController.swift; sourceTree = "<group>"; };
		5370B1601D170B9F0023B5DB /* MapaTableViewController.swift */ = {isa = PBXFileReference; fileEncoding = 4; lastKnownFileType = sourcecode.swift; path = MapaTableViewController.swift; sourceTree = "<group>"; };
		5399D7351CF9D5E40040C615 /* SitiosTableVController.swift */ = {isa = PBXFileReference; fileEncoding = 4; lastKnownFileType = sourcecode.swift; path = SitiosTableVController.swift; sourceTree = "<group>"; };
		53D2BFE81CC010A400119880 /* SystemConfiguration.framework */ = {isa = PBXFileReference; lastKnownFileType = wrapper.framework; name = SystemConfiguration.framework; path = System/Library/Frameworks/SystemConfiguration.framework; sourceTree = SDKROOT; };
		53D2BFEA1CC010CF00119880 /* libsqlite3.tbd */ = {isa = PBXFileReference; lastKnownFileType = "sourcecode.text-based-dylib-definition"; name = libsqlite3.tbd; path = usr/lib/libsqlite3.tbd; sourceTree = SDKROOT; };
		53D2BFEC1CC010E700119880 /* libz.tbd */ = {isa = PBXFileReference; lastKnownFileType = "sourcecode.text-based-dylib-definition"; name = libz.tbd; path = usr/lib/libz.tbd; sourceTree = SDKROOT; };
		53D2BFF01CC0113100119880 /* backendless.a */ = {isa = PBXFileReference; lastKnownFileType = archive.ar; path = backendless.a; sourceTree = "<group>"; };
		53D2BFF21CC0113100119880 /* AbstractProperty.h */ = {isa = PBXFileReference; fileEncoding = 4; lastKnownFileType = sourcecode.c.h; path = AbstractProperty.h; sourceTree = "<group>"; };
		53D2BFF31CC0113100119880 /* AbstractQuery.h */ = {isa = PBXFileReference; fileEncoding = 4; lastKnownFileType = sourcecode.c.h; path = AbstractQuery.h; sourceTree = "<group>"; };
		53D2BFF41CC0113100119880 /* AtomicCounters.h */ = {isa = PBXFileReference; fileEncoding = 4; lastKnownFileType = sourcecode.c.h; path = AtomicCounters.h; sourceTree = "<group>"; };
		53D2BFF51CC0113100119880 /* AtomicCountersFactory.h */ = {isa = PBXFileReference; fileEncoding = 4; lastKnownFileType = sourcecode.c.h; path = AtomicCountersFactory.h; sourceTree = "<group>"; };
		53D2BFF61CC0113100119880 /* Backendless-Bridging-Header.h */ = {isa = PBXFileReference; fileEncoding = 4; lastKnownFileType = sourcecode.c.h; path = "Backendless-Bridging-Header.h"; sourceTree = "<group>"; };
		53D2BFF71CC0113100119880 /* Backendless-With-Media-Bridging-Header.h */ = {isa = PBXFileReference; fileEncoding = 4; lastKnownFileType = sourcecode.c.h; path = "Backendless-With-Media-Bridging-Header.h"; sourceTree = "<group>"; };
		53D2BFF81CC0113100119880 /* Backendless.h */ = {isa = PBXFileReference; fileEncoding = 4; lastKnownFileType = sourcecode.c.h; path = Backendless.h; sourceTree = "<group>"; };
		53D2BFF91CC0113100119880 /* BackendlessBeacon.h */ = {isa = PBXFileReference; fileEncoding = 4; lastKnownFileType = sourcecode.c.h; path = BackendlessBeacon.h; sourceTree = "<group>"; };
		53D2BFFA1CC0113100119880 /* BackendlessCachePolicy.h */ = {isa = PBXFileReference; fileEncoding = 4; lastKnownFileType = sourcecode.c.h; path = BackendlessCachePolicy.h; sourceTree = "<group>"; };
		53D2BFFB1CC0113100119880 /* BackendlessCacheProtocol.h */ = {isa = PBXFileReference; fileEncoding = 4; lastKnownFileType = sourcecode.c.h; path = BackendlessCacheProtocol.h; sourceTree = "<group>"; };
		53D2BFFC1CC0113100119880 /* BackendlessCollection.h */ = {isa = PBXFileReference; fileEncoding = 4; lastKnownFileType = sourcecode.c.h; path = BackendlessCollection.h; sourceTree = "<group>"; };
		53D2BFFD1CC0113100119880 /* BackendlessDataQuery.h */ = {isa = PBXFileReference; fileEncoding = 4; lastKnownFileType = sourcecode.c.h; path = BackendlessDataQuery.h; sourceTree = "<group>"; };
		53D2BFFE1CC0113100119880 /* BackendlessEntity.h */ = {isa = PBXFileReference; fileEncoding = 4; lastKnownFileType = sourcecode.c.h; path = BackendlessEntity.h; sourceTree = "<group>"; };
		53D2BFFF1CC0113100119880 /* BackendlessFile.h */ = {isa = PBXFileReference; fileEncoding = 4; lastKnownFileType = sourcecode.c.h; path = BackendlessFile.h; sourceTree = "<group>"; };
		53D2C0001CC0113100119880 /* BackendlessGeoQuery.h */ = {isa = PBXFileReference; fileEncoding = 4; lastKnownFileType = sourcecode.c.h; path = BackendlessGeoQuery.h; sourceTree = "<group>"; };
		53D2C0011CC0113100119880 /* BackendlessSimpleQuery.h */ = {isa = PBXFileReference; fileEncoding = 4; lastKnownFileType = sourcecode.c.h; path = BackendlessSimpleQuery.h; sourceTree = "<group>"; };
		53D2C0021CC0113100119880 /* BackendlessUser.h */ = {isa = PBXFileReference; fileEncoding = 4; lastKnownFileType = sourcecode.c.h; path = BackendlessUser.h; sourceTree = "<group>"; };
		53D2C0031CC0113100119880 /* BEAnnotation.h */ = {isa = PBXFileReference; fileEncoding = 4; lastKnownFileType = sourcecode.c.h; path = BEAnnotation.h; sourceTree = "<group>"; };
		53D2C0041CC0113100119880 /* BECollectionView.h */ = {isa = PBXFileReference; fileEncoding = 4; lastKnownFileType = sourcecode.c.h; path = BECollectionView.h; sourceTree = "<group>"; };
		53D2C0051CC0113100119880 /* BEFileInfo.h */ = {isa = PBXFileReference; fileEncoding = 4; lastKnownFileType = sourcecode.c.h; path = BEFileInfo.h; sourceTree = "<group>"; };
		53D2C0061CC0113100119880 /* BEMapView.h */ = {isa = PBXFileReference; fileEncoding = 4; lastKnownFileType = sourcecode.c.h; path = BEMapView.h; sourceTree = "<group>"; };
		53D2C0071CC0113100119880 /* BESubscription.h */ = {isa = PBXFileReference; fileEncoding = 4; lastKnownFileType = sourcecode.c.h; path = BESubscription.h; sourceTree = "<group>"; };
		53D2C0081CC0113100119880 /* BETableView.h */ = {isa = PBXFileReference; fileEncoding = 4; lastKnownFileType = sourcecode.c.h; path = BETableView.h; sourceTree = "<group>"; };
		53D2C0091CC0113100119880 /* CacheFactory.h */ = {isa = PBXFileReference; fileEncoding = 4; lastKnownFileType = sourcecode.c.h; path = CacheFactory.h; sourceTree = "<group>"; };
		53D2C00A1CC0113100119880 /* CacheService.h */ = {isa = PBXFileReference; fileEncoding = 4; lastKnownFileType = sourcecode.c.h; path = CacheService.h; sourceTree = "<group>"; };
		53D2C00B1CC0113100119880 /* CustomService.h */ = {isa = PBXFileReference; fileEncoding = 4; lastKnownFileType = sourcecode.c.h; path = CustomService.h; sourceTree = "<group>"; };
		53D2C00C1CC0113100119880 /* DataPermission.h */ = {isa = PBXFileReference; fileEncoding = 4; lastKnownFileType = sourcecode.c.h; path = DataPermission.h; sourceTree = "<group>"; };
		53D2C00D1CC0113100119880 /* DataStoreFactory.h */ = {isa = PBXFileReference; fileEncoding = 4; lastKnownFileType = sourcecode.c.h; path = DataStoreFactory.h; sourceTree = "<group>"; };
		53D2C00E1CC0113100119880 /* DeliveryOptions.h */ = {isa = PBXFileReference; fileEncoding = 4; lastKnownFileType = sourcecode.c.h; path = DeliveryOptions.h; sourceTree = "<group>"; };
		53D2C00F1CC0113100119880 /* DeviceRegistration.h */ = {isa = PBXFileReference; fileEncoding = 4; lastKnownFileType = sourcecode.c.h; path = DeviceRegistration.h; sourceTree = "<group>"; };
		53D2C0101CC0113100119880 /* Events.h */ = {isa = PBXFileReference; fileEncoding = 4; lastKnownFileType = sourcecode.c.h; path = Events.h; sourceTree = "<group>"; };
		53D2C0111CC0113100119880 /* FilePermission.h */ = {isa = PBXFileReference; fileEncoding = 4; lastKnownFileType = sourcecode.c.h; path = FilePermission.h; sourceTree = "<group>"; };
		53D2C0121CC0113100119880 /* FileService.h */ = {isa = PBXFileReference; fileEncoding = 4; lastKnownFileType = sourcecode.c.h; path = FileService.h; sourceTree = "<group>"; };
		53D2C0131CC0113100119880 /* GeoCategory.h */ = {isa = PBXFileReference; fileEncoding = 4; lastKnownFileType = sourcecode.c.h; path = GeoCategory.h; sourceTree = "<group>"; };
		53D2C0141CC0113100119880 /* GeoCluster.h */ = {isa = PBXFileReference; fileEncoding = 4; lastKnownFileType = sourcecode.c.h; path = GeoCluster.h; sourceTree = "<group>"; };
		53D2C0151CC0113100119880 /* GeoFence.h */ = {isa = PBXFileReference; fileEncoding = 4; lastKnownFileType = sourcecode.c.h; path = GeoFence.h; sourceTree = "<group>"; };
		53D2C0161CC0113100119880 /* GeoPoint.h */ = {isa = PBXFileReference; fileEncoding = 4; lastKnownFileType = sourcecode.c.h; path = GeoPoint.h; sourceTree = "<group>"; };
		53D2C0171CC0113100119880 /* GeoService.h */ = {isa = PBXFileReference; fileEncoding = 4; lastKnownFileType = sourcecode.c.h; path = GeoService.h; sourceTree = "<group>"; };
		53D2C0181CC0113100119880 /* HashMap.h */ = {isa = PBXFileReference; fileEncoding = 4; lastKnownFileType = sourcecode.c.h; path = HashMap.h; sourceTree = "<group>"; };
		53D2C0191CC0113100119880 /* IAtomicCounters.h */ = {isa = PBXFileReference; fileEncoding = 4; lastKnownFileType = sourcecode.c.h; path = IAtomicCounters.h; sourceTree = "<group>"; };
		53D2C01A1CC0113100119880 /* ICacheService.h */ = {isa = PBXFileReference; fileEncoding = 4; lastKnownFileType = sourcecode.c.h; path = ICacheService.h; sourceTree = "<group>"; };
		53D2C01B1CC0113100119880 /* ICallback.h */ = {isa = PBXFileReference; fileEncoding = 4; lastKnownFileType = sourcecode.c.h; path = ICallback.h; sourceTree = "<group>"; };
		53D2C01C1CC0113100119880 /* IDataStore.h */ = {isa = PBXFileReference; fileEncoding = 4; lastKnownFileType = sourcecode.c.h; path = IDataStore.h; sourceTree = "<group>"; };
		53D2C01D1CC0113100119880 /* IMediaStreamer.h */ = {isa = PBXFileReference; fileEncoding = 4; lastKnownFileType = sourcecode.c.h; path = IMediaStreamer.h; sourceTree = "<group>"; };
		53D2C01E1CC0113100119880 /* IPresenceListener.h */ = {isa = PBXFileReference; fileEncoding = 4; lastKnownFileType = sourcecode.c.h; path = IPresenceListener.h; sourceTree = "<group>"; };
		53D2C01F1CC0113100119880 /* LocationTracker.h */ = {isa = PBXFileReference; fileEncoding = 4; lastKnownFileType = sourcecode.c.h; path = LocationTracker.h; sourceTree = "<group>"; };
		53D2C0201CC0113100119880 /* Logger.h */ = {isa = PBXFileReference; fileEncoding = 4; lastKnownFileType = sourcecode.c.h; path = Logger.h; sourceTree = "<group>"; };
		53D2C0211CC0113100119880 /* Logging.h */ = {isa = PBXFileReference; fileEncoding = 4; lastKnownFileType = sourcecode.c.h; path = Logging.h; sourceTree = "<group>"; };
		53D2C0221CC0113100119880 /* MediaPlaybackOptions.h */ = {isa = PBXFileReference; fileEncoding = 4; lastKnownFileType = sourcecode.c.h; path = MediaPlaybackOptions.h; sourceTree = "<group>"; };
		53D2C0231CC0113100119880 /* MediaPlayer.h */ = {isa = PBXFileReference; fileEncoding = 4; lastKnownFileType = sourcecode.c.h; path = MediaPlayer.h; sourceTree = "<group>"; };
		53D2C0241CC0113100119880 /* MediaPublisher.h */ = {isa = PBXFileReference; fileEncoding = 4; lastKnownFileType = sourcecode.c.h; path = MediaPublisher.h; sourceTree = "<group>"; };
		53D2C0251CC0113100119880 /* MediaPublishOptions.h */ = {isa = PBXFileReference; fileEncoding = 4; lastKnownFileType = sourcecode.c.h; path = MediaPublishOptions.h; sourceTree = "<group>"; };
		53D2C0261CC0113100119880 /* MediaService.h */ = {isa = PBXFileReference; fileEncoding = 4; lastKnownFileType = sourcecode.c.h; path = MediaService.h; sourceTree = "<group>"; };
		53D2C0271CC0113100119880 /* Message.h */ = {isa = PBXFileReference; fileEncoding = 4; lastKnownFileType = sourcecode.c.h; path = Message.h; sourceTree = "<group>"; };
		53D2C0281CC0113100119880 /* MessageStatus.h */ = {isa = PBXFileReference; fileEncoding = 4; lastKnownFileType = sourcecode.c.h; path = MessageStatus.h; sourceTree = "<group>"; };
		53D2C0291CC0113100119880 /* MessagingService.h */ = {isa = PBXFileReference; fileEncoding = 4; lastKnownFileType = sourcecode.c.h; path = MessagingService.h; sourceTree = "<group>"; };
		53D2C02A1CC0113100119880 /* ObjectProperty.h */ = {isa = PBXFileReference; fileEncoding = 4; lastKnownFileType = sourcecode.c.h; path = ObjectProperty.h; sourceTree = "<group>"; };
		53D2C02B1CC0113100119880 /* PersistenceService.h */ = {isa = PBXFileReference; fileEncoding = 4; lastKnownFileType = sourcecode.c.h; path = PersistenceService.h; sourceTree = "<group>"; };
		53D2C02C1CC0113100119880 /* Presence.h */ = {isa = PBXFileReference; fileEncoding = 4; lastKnownFileType = sourcecode.c.h; path = Presence.h; sourceTree = "<group>"; };
		53D2C02D1CC0113100119880 /* ProtectedBackendlessGeoQuery.h */ = {isa = PBXFileReference; fileEncoding = 4; lastKnownFileType = sourcecode.c.h; path = ProtectedBackendlessGeoQuery.h; sourceTree = "<group>"; };
		53D2C02E1CC0113100119880 /* PublishOptions.h */ = {isa = PBXFileReference; fileEncoding = 4; lastKnownFileType = sourcecode.c.h; path = PublishOptions.h; sourceTree = "<group>"; };
		53D2C02F1CC0113100119880 /* QueryOptions.h */ = {isa = PBXFileReference; fileEncoding = 4; lastKnownFileType = sourcecode.c.h; path = QueryOptions.h; sourceTree = "<group>"; };
		53D2C0301CC0113100119880 /* SubscriptionOptions.h */ = {isa = PBXFileReference; fileEncoding = 4; lastKnownFileType = sourcecode.c.h; path = SubscriptionOptions.h; sourceTree = "<group>"; };
		53D2C0311CC0113100119880 /* UserProperty.h */ = {isa = PBXFileReference; fileEncoding = 4; lastKnownFileType = sourcecode.c.h; path = UserProperty.h; sourceTree = "<group>"; };
		53D2C0321CC0113100119880 /* UserService.h */ = {isa = PBXFileReference; fileEncoding = 4; lastKnownFileType = sourcecode.c.h; path = UserService.h; sourceTree = "<group>"; };
		53D2C0341CC0113100119880 /* CommLibiOS.a */ = {isa = PBXFileReference; lastKnownFileType = archive.ar; path = CommLibiOS.a; sourceTree = "<group>"; };
		53D2C0361CC0113100119880 /* AMFSerializer.h */ = {isa = PBXFileReference; fileEncoding = 4; lastKnownFileType = sourcecode.c.h; path = AMFSerializer.h; sourceTree = "<group>"; };
		53D2C0371CC0113100119880 /* BinaryCodec.h */ = {isa = PBXFileReference; fileEncoding = 4; lastKnownFileType = sourcecode.c.h; path = BinaryCodec.h; sourceTree = "<group>"; };
		53D2C0381CC0113100119880 /* BinaryStream.h */ = {isa = PBXFileReference; fileEncoding = 4; lastKnownFileType = sourcecode.c.h; path = BinaryStream.h; sourceTree = "<group>"; };
		53D2C0391CC0113100119880 /* DEBUG.h */ = {isa = PBXFileReference; fileEncoding = 4; lastKnownFileType = sourcecode.c.h; path = DEBUG.h; sourceTree = "<group>"; };
		53D2C03A1CC0113100119880 /* FlashorbBinaryReader.h */ = {isa = PBXFileReference; fileEncoding = 4; lastKnownFileType = sourcecode.c.h; path = FlashorbBinaryReader.h; sourceTree = "<group>"; };
		53D2C03B1CC0113100119880 /* FlashorbBinaryWriter.h */ = {isa = PBXFileReference; fileEncoding = 4; lastKnownFileType = sourcecode.c.h; path = FlashorbBinaryWriter.h; sourceTree = "<group>"; };
		53D2C03C1CC0113100119880 /* IAttributeStore.h */ = {isa = PBXFileReference; fileEncoding = 4; lastKnownFileType = sourcecode.c.h; path = IAttributeStore.h; sourceTree = "<group>"; };
		53D2C03D1CC0113100119880 /* IClientSharedObject.h */ = {isa = PBXFileReference; fileEncoding = 4; lastKnownFileType = sourcecode.c.h; path = IClientSharedObject.h; sourceTree = "<group>"; };
		53D2C03E1CC0113100119880 /* IClientSharedObjectDelegate.h */ = {isa = PBXFileReference; fileEncoding = 4; lastKnownFileType = sourcecode.c.h; path = IClientSharedObjectDelegate.h; sourceTree = "<group>"; };
		53D2C03F1CC0113100119880 /* IPendingServiceCallback.h */ = {isa = PBXFileReference; fileEncoding = 4; lastKnownFileType = sourcecode.c.h; path = IPendingServiceCallback.h; sourceTree = "<group>"; };
		53D2C0401CC0113100119880 /* IPersistable.h */ = {isa = PBXFileReference; fileEncoding = 4; lastKnownFileType = sourcecode.c.h; path = IPersistable.h; sourceTree = "<group>"; };
		53D2C0411CC0113100119880 /* IRTMProtocol.h */ = {isa = PBXFileReference; fileEncoding = 4; lastKnownFileType = sourcecode.c.h; path = IRTMProtocol.h; sourceTree = "<group>"; };
		53D2C0421CC0113100119880 /* IServiceCall.h */ = {isa = PBXFileReference; fileEncoding = 4; lastKnownFileType = sourcecode.c.h; path = IServiceCall.h; sourceTree = "<group>"; };
		53D2C0431CC0113100119880 /* ISharedObjectListener.h */ = {isa = PBXFileReference; fileEncoding = 4; lastKnownFileType = sourcecode.c.h; path = ISharedObjectListener.h; sourceTree = "<group>"; };
		53D2C0441CC0113100119880 /* MemoryTicker.h */ = {isa = PBXFileReference; fileEncoding = 4; lastKnownFileType = sourcecode.c.h; path = MemoryTicker.h; sourceTree = "<group>"; };
		53D2C0451CC0113100119880 /* Responder.h */ = {isa = PBXFileReference; fileEncoding = 4; lastKnownFileType = sourcecode.c.h; path = Responder.h; sourceTree = "<group>"; };
		53D2C0461CC0113100119880 /* RTMPClient.h */ = {isa = PBXFileReference; fileEncoding = 4; lastKnownFileType = sourcecode.c.h; path = RTMPClient.h; sourceTree = "<group>"; };
		53D2C0471CC0113100119880 /* Types.h */ = {isa = PBXFileReference; fileEncoding = 4; lastKnownFileType = sourcecode.c.h; path = Types.h; sourceTree = "<group>"; };
		53D2C0481CC0113100119880 /* WeborbClient.h */ = {isa = PBXFileReference; fileEncoding = 4; lastKnownFileType = sourcecode.c.h; path = WeborbClient.h; sourceTree = "<group>"; };
		53D2C0A21CC0113100119880 /* BroadcastStreamClient.h */ = {isa = PBXFileReference; fileEncoding = 4; lastKnownFileType = sourcecode.c.h; path = BroadcastStreamClient.h; sourceTree = "<group>"; };
		53D2C0A31CC0113100119880 /* MediaStreamPlayer.h */ = {isa = PBXFileReference; fileEncoding = 4; lastKnownFileType = sourcecode.c.h; path = MediaStreamPlayer.h; sourceTree = "<group>"; };
		53D2C0A41CC0113100119880 /* MPMediaData.h */ = {isa = PBXFileReference; fileEncoding = 4; lastKnownFileType = sourcecode.c.h; path = MPMediaData.h; sourceTree = "<group>"; };
		53D2C0A51CC0113100119880 /* MPMediaDecoder.h */ = {isa = PBXFileReference; fileEncoding = 4; lastKnownFileType = sourcecode.c.h; path = MPMediaDecoder.h; sourceTree = "<group>"; };
		53D2C0A61CC0113100119880 /* MPMediaEncoder.h */ = {isa = PBXFileReference; fileEncoding = 4; lastKnownFileType = sourcecode.c.h; path = MPMediaEncoder.h; sourceTree = "<group>"; };
		53D2C0A71CC0113100119880 /* VideoPlayer.h */ = {isa = PBXFileReference; fileEncoding = 4; lastKnownFileType = sourcecode.c.h; path = VideoPlayer.h; sourceTree = "<group>"; };
		53D2C0A81CC0113100119880 /* MediaLibiOS.a */ = {isa = PBXFileReference; lastKnownFileType = archive.ar; path = MediaLibiOS.a; sourceTree = "<group>"; };
		53D2C0AB1CC0113100119880 /* speex.h */ = {isa = PBXFileReference; fileEncoding = 4; lastKnownFileType = sourcecode.c.h; path = speex.h; sourceTree = "<group>"; };
		53D2C0AC1CC0113100119880 /* speex_bits.h */ = {isa = PBXFileReference; fileEncoding = 4; lastKnownFileType = sourcecode.c.h; path = speex_bits.h; sourceTree = "<group>"; };
		53D2C0AD1CC0113100119880 /* speex_callbacks.h */ = {isa = PBXFileReference; fileEncoding = 4; lastKnownFileType = sourcecode.c.h; path = speex_callbacks.h; sourceTree = "<group>"; };
		53D2C0AE1CC0113100119880 /* speex_config_types.h */ = {isa = PBXFileReference; fileEncoding = 4; lastKnownFileType = sourcecode.c.h; path = speex_config_types.h; sourceTree = "<group>"; };
		53D2C0AF1CC0113100119880 /* speex_header.h */ = {isa = PBXFileReference; fileEncoding = 4; lastKnownFileType = sourcecode.c.h; path = speex_header.h; sourceTree = "<group>"; };
		53D2C0B01CC0113100119880 /* speex_stereo.h */ = {isa = PBXFileReference; fileEncoding = 4; lastKnownFileType = sourcecode.c.h; path = speex_stereo.h; sourceTree = "<group>"; };
		53D2C0B11CC0113100119880 /* speex_types.h */ = {isa = PBXFileReference; fileEncoding = 4; lastKnownFileType = sourcecode.c.h; path = speex_types.h; sourceTree = "<group>"; };
		53D2C0B31CC0113100119880 /* libspeex.a */ = {isa = PBXFileReference; lastKnownFileType = archive.ar; path = libspeex.a; sourceTree = "<group>"; };
		53D2C0B61CC0113100119880 /* x264.h */ = {isa = PBXFileReference; fileEncoding = 4; lastKnownFileType = sourcecode.c.h; path = x264.h; sourceTree = "<group>"; };
		53D2C0B71CC0113100119880 /* x264_config.h */ = {isa = PBXFileReference; fileEncoding = 4; lastKnownFileType = sourcecode.c.h; path = x264_config.h; sourceTree = "<group>"; };
		53D2C0B91CC0113100119880 /* libx264.a */ = {isa = PBXFileReference; lastKnownFileType = archive.ar; path = libx264.a; sourceTree = "<group>"; };
		53D2C0C91CC0BD1400119880 /* RegistroViewController.swift */ = {isa = PBXFileReference; fileEncoding = 4; lastKnownFileType = sourcecode.swift; path = RegistroViewController.swift; sourceTree = "<group>"; };
		53D2C0CB1CC0D3E700119880 /* Global.swift */ = {isa = PBXFileReference; fileEncoding = 4; lastKnownFileType = sourcecode.swift; path = Global.swift; sourceTree = "<group>"; };
		53D2C0CD1CC0F54800119880 /* MainViewController.swift */ = {isa = PBXFileReference; fileEncoding = 4; lastKnownFileType = sourcecode.swift; path = MainViewController.swift; sourceTree = "<group>"; };
		53D2C0CF1CC10A3400119880 /* UserViewController.swift */ = {isa = PBXFileReference; fileEncoding = 4; lastKnownFileType = sourcecode.swift; path = UserViewController.swift; sourceTree = "<group>"; };
		53D2C0D11CC10E8800119880 /* MapaViewController.swift */ = {isa = PBXFileReference; fileEncoding = 4; lastKnownFileType = sourcecode.swift; path = MapaViewController.swift; sourceTree = "<group>"; };
		53D2C0D31CC10EAA00119880 /* SitioViewController.swift */ = {isa = PBXFileReference; fileEncoding = 4; lastKnownFileType = sourcecode.swift; path = SitioViewController.swift; sourceTree = "<group>"; };
		53D2C0D51CC10EC100119880 /* InfoViewController.swift */ = {isa = PBXFileReference; fileEncoding = 4; lastKnownFileType = sourcecode.swift; path = InfoViewController.swift; sourceTree = "<group>"; };
		53E587401CBD53E00027E676 /* pec.app */ = {isa = PBXFileReference; explicitFileType = wrapper.application; includeInIndex = 0; path = pec.app; sourceTree = BUILT_PRODUCTS_DIR; };
		53E587431CBD53E00027E676 /* AppDelegate.swift */ = {isa = PBXFileReference; lastKnownFileType = sourcecode.swift; path = AppDelegate.swift; sourceTree = "<group>"; };
		53E587451CBD53E00027E676 /* ViewController.swift */ = {isa = PBXFileReference; lastKnownFileType = sourcecode.swift; path = ViewController.swift; sourceTree = "<group>"; };
		53E587481CBD53E00027E676 /* Base */ = {isa = PBXFileReference; lastKnownFileType = file.storyboard; name = Base; path = Base.lproj/Main.storyboard; sourceTree = "<group>"; };
		53E5874A1CBD53E00027E676 /* Assets.xcassets */ = {isa = PBXFileReference; lastKnownFileType = folder.assetcatalog; path = Assets.xcassets; sourceTree = "<group>"; };
		53E5874D1CBD53E00027E676 /* Base */ = {isa = PBXFileReference; lastKnownFileType = file.storyboard; name = Base; path = Base.lproj/LaunchScreen.storyboard; sourceTree = "<group>"; };
		53E5874F1CBD53E00027E676 /* Info.plist */ = {isa = PBXFileReference; lastKnownFileType = text.plist.xml; path = Info.plist; sourceTree = "<group>"; };
		53E587541CBD53E00027E676 /* pec.xctest */ = {isa = PBXFileReference; explicitFileType = wrapper.cfbundle; includeInIndex = 0; path = pec.xctest; sourceTree = BUILT_PRODUCTS_DIR; };
		53E587581CBD53E00027E676 /* pecTests.swift */ = {isa = PBXFileReference; lastKnownFileType = sourcecode.swift; path = pecTests.swift; sourceTree = "<group>"; };
		53E5875A1CBD53E00027E676 /* Info.plist */ = {isa = PBXFileReference; lastKnownFileType = text.plist.xml; path = Info.plist; sourceTree = "<group>"; };
		53E5875F1CBD53E00027E676 /* pec.xctest */ = {isa = PBXFileReference; explicitFileType = wrapper.cfbundle; includeInIndex = 0; path = pec.xctest; sourceTree = BUILT_PRODUCTS_DIR; };
		53E587631CBD53E00027E676 /* pecUITests.swift */ = {isa = PBXFileReference; lastKnownFileType = sourcecode.swift; path = pecUITests.swift; sourceTree = "<group>"; };
		53E587651CBD53E00027E676 /* Info.plist */ = {isa = PBXFileReference; lastKnownFileType = text.plist.xml; path = Info.plist; sourceTree = "<group>"; };
		53EAA9A31CF2CC09002C6FA9 /* PictureViewController.swift */ = {isa = PBXFileReference; fileEncoding = 4; lastKnownFileType = sourcecode.swift; path = PictureViewController.swift; sourceTree = "<group>"; };
		53FC46161D1C82CD00E6F281 /* PopOverViewController.swift */ = {isa = PBXFileReference; fileEncoding = 4; lastKnownFileType = sourcecode.swift; path = PopOverViewController.swift; sourceTree = "<group>"; };
/* End PBXFileReference section */

/* Begin PBXFrameworksBuildPhase section */
		53E5873D1CBD53E00027E676 /* Frameworks */ = {
			isa = PBXFrameworksBuildPhase;
			buildActionMask = 2147483647;
			files = (
				53D2C0C31CC0113100119880 /* libspeex.a in Frameworks */,
				53D2BFED1CC010E700119880 /* libz.tbd in Frameworks */,
				53D2BFEB1CC010CF00119880 /* libsqlite3.tbd in Frameworks */,
				53D2C0C41CC0113100119880 /* libx264.a in Frameworks */,
				53D2C0C21CC0113100119880 /* MediaLibiOS.a in Frameworks */,
				53D2BFE91CC010A400119880 /* SystemConfiguration.framework in Frameworks */,
				53D2C0BA1CC0113100119880 /* backendless.a in Frameworks */,
				53D2C0BB1CC0113100119880 /* CommLibiOS.a in Frameworks */,
			);
			runOnlyForDeploymentPostprocessing = 0;
		};
		53E587511CBD53E00027E676 /* Frameworks */ = {
			isa = PBXFrameworksBuildPhase;
			buildActionMask = 2147483647;
			files = (
			);
			runOnlyForDeploymentPostprocessing = 0;
		};
		53E5875C1CBD53E00027E676 /* Frameworks */ = {
			isa = PBXFrameworksBuildPhase;
			buildActionMask = 2147483647;
			files = (
			);
			runOnlyForDeploymentPostprocessing = 0;
		};
/* End PBXFrameworksBuildPhase section */

/* Begin PBXGroup section */
		53D2BFEE1CC0113100119880 /* lib */ = {
			isa = PBXGroup;
			children = (
				53D2BFEF1CC0113100119880 /* backendless */,
				53D2C0331CC0113100119880 /* CommLibiOS */,
				53D2C0A01CC0113100119880 /* MediaLibiOS3x */,
				53D2C0A91CC0113100119880 /* speex-1.2rc2 */,
				53D2C0B41CC0113100119880 /* x264 */,
			);
			path = lib;
			sourceTree = "<group>";
		};
		53D2BFEF1CC0113100119880 /* backendless */ = {
			isa = PBXGroup;
			children = (
				53D2BFF01CC0113100119880 /* backendless.a */,
				53D2BFF11CC0113100119880 /* include */,
			);
			path = backendless;
			sourceTree = "<group>";
		};
		53D2BFF11CC0113100119880 /* include */ = {
			isa = PBXGroup;
			children = (
				53D2BFF21CC0113100119880 /* AbstractProperty.h */,
				53D2BFF31CC0113100119880 /* AbstractQuery.h */,
				53D2BFF41CC0113100119880 /* AtomicCounters.h */,
				53D2BFF51CC0113100119880 /* AtomicCountersFactory.h */,
				53D2BFF61CC0113100119880 /* Backendless-Bridging-Header.h */,
				53D2BFF71CC0113100119880 /* Backendless-With-Media-Bridging-Header.h */,
				53D2BFF81CC0113100119880 /* Backendless.h */,
				53D2BFF91CC0113100119880 /* BackendlessBeacon.h */,
				53D2BFFA1CC0113100119880 /* BackendlessCachePolicy.h */,
				53D2BFFB1CC0113100119880 /* BackendlessCacheProtocol.h */,
				53D2BFFC1CC0113100119880 /* BackendlessCollection.h */,
				53D2BFFD1CC0113100119880 /* BackendlessDataQuery.h */,
				53D2BFFE1CC0113100119880 /* BackendlessEntity.h */,
				53D2BFFF1CC0113100119880 /* BackendlessFile.h */,
				53D2C0001CC0113100119880 /* BackendlessGeoQuery.h */,
				53D2C0011CC0113100119880 /* BackendlessSimpleQuery.h */,
				53D2C0021CC0113100119880 /* BackendlessUser.h */,
				53D2C0031CC0113100119880 /* BEAnnotation.h */,
				53D2C0041CC0113100119880 /* BECollectionView.h */,
				53D2C0051CC0113100119880 /* BEFileInfo.h */,
				53D2C0061CC0113100119880 /* BEMapView.h */,
				53D2C0071CC0113100119880 /* BESubscription.h */,
				53D2C0081CC0113100119880 /* BETableView.h */,
				53D2C0091CC0113100119880 /* CacheFactory.h */,
				53D2C00A1CC0113100119880 /* CacheService.h */,
				53D2C00B1CC0113100119880 /* CustomService.h */,
				53D2C00C1CC0113100119880 /* DataPermission.h */,
				53D2C00D1CC0113100119880 /* DataStoreFactory.h */,
				53D2C00E1CC0113100119880 /* DeliveryOptions.h */,
				53D2C00F1CC0113100119880 /* DeviceRegistration.h */,
				53D2C0101CC0113100119880 /* Events.h */,
				53D2C0111CC0113100119880 /* FilePermission.h */,
				53D2C0121CC0113100119880 /* FileService.h */,
				53D2C0131CC0113100119880 /* GeoCategory.h */,
				53D2C0141CC0113100119880 /* GeoCluster.h */,
				53D2C0151CC0113100119880 /* GeoFence.h */,
				53D2C0161CC0113100119880 /* GeoPoint.h */,
				53D2C0171CC0113100119880 /* GeoService.h */,
				53D2C0181CC0113100119880 /* HashMap.h */,
				53D2C0191CC0113100119880 /* IAtomicCounters.h */,
				53D2C01A1CC0113100119880 /* ICacheService.h */,
				53D2C01B1CC0113100119880 /* ICallback.h */,
				53D2C01C1CC0113100119880 /* IDataStore.h */,
				53D2C01D1CC0113100119880 /* IMediaStreamer.h */,
				53D2C01E1CC0113100119880 /* IPresenceListener.h */,
				53D2C01F1CC0113100119880 /* LocationTracker.h */,
				53D2C0201CC0113100119880 /* Logger.h */,
				53D2C0211CC0113100119880 /* Logging.h */,
				53D2C0221CC0113100119880 /* MediaPlaybackOptions.h */,
				53D2C0231CC0113100119880 /* MediaPlayer.h */,
				53D2C0241CC0113100119880 /* MediaPublisher.h */,
				53D2C0251CC0113100119880 /* MediaPublishOptions.h */,
				53D2C0261CC0113100119880 /* MediaService.h */,
				53D2C0271CC0113100119880 /* Message.h */,
				53D2C0281CC0113100119880 /* MessageStatus.h */,
				53D2C0291CC0113100119880 /* MessagingService.h */,
				53D2C02A1CC0113100119880 /* ObjectProperty.h */,
				53D2C02B1CC0113100119880 /* PersistenceService.h */,
				53D2C02C1CC0113100119880 /* Presence.h */,
				53D2C02D1CC0113100119880 /* ProtectedBackendlessGeoQuery.h */,
				53D2C02E1CC0113100119880 /* PublishOptions.h */,
				53D2C02F1CC0113100119880 /* QueryOptions.h */,
				53D2C0301CC0113100119880 /* SubscriptionOptions.h */,
				53D2C0311CC0113100119880 /* UserProperty.h */,
				53D2C0321CC0113100119880 /* UserService.h */,
			);
			path = include;
			sourceTree = "<group>";
		};
		53D2C0331CC0113100119880 /* CommLibiOS */ = {
			isa = PBXGroup;
			children = (
				53D2C0341CC0113100119880 /* CommLibiOS.a */,
				53D2C0351CC0113100119880 /* include */,
			);
			path = CommLibiOS;
			sourceTree = "<group>";
		};
		53D2C0351CC0113100119880 /* include */ = {
			isa = PBXGroup;
			children = (
				53D2C0361CC0113100119880 /* AMFSerializer.h */,
				53D2C0371CC0113100119880 /* BinaryCodec.h */,
				53D2C0381CC0113100119880 /* BinaryStream.h */,
				53D2C0391CC0113100119880 /* DEBUG.h */,
				53D2C03A1CC0113100119880 /* FlashorbBinaryReader.h */,
				53D2C03B1CC0113100119880 /* FlashorbBinaryWriter.h */,
				53D2C03C1CC0113100119880 /* IAttributeStore.h */,
				53D2C03D1CC0113100119880 /* IClientSharedObject.h */,
				53D2C03E1CC0113100119880 /* IClientSharedObjectDelegate.h */,
				53D2C03F1CC0113100119880 /* IPendingServiceCallback.h */,
				53D2C0401CC0113100119880 /* IPersistable.h */,
				53D2C0411CC0113100119880 /* IRTMProtocol.h */,
				53D2C0421CC0113100119880 /* IServiceCall.h */,
				53D2C0431CC0113100119880 /* ISharedObjectListener.h */,
				53D2C0441CC0113100119880 /* MemoryTicker.h */,
				53D2C0451CC0113100119880 /* Responder.h */,
				53D2C0461CC0113100119880 /* RTMPClient.h */,
				53D2C0471CC0113100119880 /* Types.h */,
				53D2C0481CC0113100119880 /* WeborbClient.h */,
			);
			path = include;
			sourceTree = "<group>";
		};
		53D2C0A01CC0113100119880 /* MediaLibiOS3x */ = {
			isa = PBXGroup;
			children = (
				53D2C0A11CC0113100119880 /* include */,
				53D2C0A81CC0113100119880 /* MediaLibiOS.a */,
			);
			path = MediaLibiOS3x;
			sourceTree = "<group>";
		};
		53D2C0A11CC0113100119880 /* include */ = {
			isa = PBXGroup;
			children = (
				53D2C0A21CC0113100119880 /* BroadcastStreamClient.h */,
				53D2C0A31CC0113100119880 /* MediaStreamPlayer.h */,
				53D2C0A41CC0113100119880 /* MPMediaData.h */,
				53D2C0A51CC0113100119880 /* MPMediaDecoder.h */,
				53D2C0A61CC0113100119880 /* MPMediaEncoder.h */,
				53D2C0A71CC0113100119880 /* VideoPlayer.h */,
			);
			path = include;
			sourceTree = "<group>";
		};
		53D2C0A91CC0113100119880 /* speex-1.2rc2 */ = {
			isa = PBXGroup;
			children = (
				53D2C0AA1CC0113100119880 /* include */,
				53D2C0B21CC0113100119880 /* lib */,
			);
			path = "speex-1.2rc2";
			sourceTree = "<group>";
		};
		53D2C0AA1CC0113100119880 /* include */ = {
			isa = PBXGroup;
			children = (
				53D2C0AB1CC0113100119880 /* speex.h */,
				53D2C0AC1CC0113100119880 /* speex_bits.h */,
				53D2C0AD1CC0113100119880 /* speex_callbacks.h */,
				53D2C0AE1CC0113100119880 /* speex_config_types.h */,
				53D2C0AF1CC0113100119880 /* speex_header.h */,
				53D2C0B01CC0113100119880 /* speex_stereo.h */,
				53D2C0B11CC0113100119880 /* speex_types.h */,
			);
			path = include;
			sourceTree = "<group>";
		};
		53D2C0B21CC0113100119880 /* lib */ = {
			isa = PBXGroup;
			children = (
				53D2C0B31CC0113100119880 /* libspeex.a */,
			);
			path = lib;
			sourceTree = "<group>";
		};
		53D2C0B41CC0113100119880 /* x264 */ = {
			isa = PBXGroup;
			children = (
				53D2C0B51CC0113100119880 /* include */,
				53D2C0B81CC0113100119880 /* lib */,
			);
			path = x264;
			sourceTree = "<group>";
		};
		53D2C0B51CC0113100119880 /* include */ = {
			isa = PBXGroup;
			children = (
				53D2C0B61CC0113100119880 /* x264.h */,
				53D2C0B71CC0113100119880 /* x264_config.h */,
			);
			path = include;
			sourceTree = "<group>";
		};
		53D2C0B81CC0113100119880 /* lib */ = {
			isa = PBXGroup;
			children = (
				53D2C0B91CC0113100119880 /* libx264.a */,
			);
			path = lib;
			sourceTree = "<group>";
		};
		53E587371CBD53E00027E676 = {
			isa = PBXGroup;
			children = (
				53D2BFEE1CC0113100119880 /* lib */,
				53D2BFEC1CC010E700119880 /* libz.tbd */,
				53D2BFEA1CC010CF00119880 /* libsqlite3.tbd */,
				53D2BFE81CC010A400119880 /* SystemConfiguration.framework */,
				53E587421CBD53E00027E676 /* pec */,
				53E587571CBD53E00027E676 /* pecTests */,
				53E587621CBD53E00027E676 /* pecUITests */,
				53E587411CBD53E00027E676 /* Products */,
			);
			sourceTree = "<group>";
		};
		53E587411CBD53E00027E676 /* Products */ = {
			isa = PBXGroup;
			children = (
				53E587401CBD53E00027E676 /* pec.app */,
				53E587541CBD53E00027E676 /* pec.xctest */,
				53E5875F1CBD53E00027E676 /* pec.xctest */,
			);
			name = Products;
			sourceTree = "<group>";
		};
		53E587421CBD53E00027E676 /* pec */ = {
			isa = PBXGroup;
			children = (
				534E9AD91D1C345A005301A4 /* FloatRatingView.swift */,
				53E587431CBD53E00027E676 /* AppDelegate.swift */,
				53E587451CBD53E00027E676 /* ViewController.swift */,
				53E587471CBD53E00027E676 /* Main.storyboard */,
				53E5874A1CBD53E00027E676 /* Assets.xcassets */,
				53E5874C1CBD53E00027E676 /* LaunchScreen.storyboard */,
				53E5874F1CBD53E00027E676 /* Info.plist */,
				53D2C0C91CC0BD1400119880 /* RegistroViewController.swift */,
				53D2C0CB1CC0D3E700119880 /* Global.swift */,
				53D2C0CD1CC0F54800119880 /* MainViewController.swift */,
				53D2C0CF1CC10A3400119880 /* UserViewController.swift */,
				53D2C0D11CC10E8800119880 /* MapaViewController.swift */,
				53D2C0D31CC10EAA00119880 /* SitioViewController.swift */,
				53D2C0D51CC10EC100119880 /* InfoViewController.swift */,
				532CF7491CEBB7A9000CABE7 /* NewSiteViewController.swift */,
				532CF74B1CEBC0BE000CABE7 /* Sitio.swift */,
				532CF74D1CEBC0CD000CABE7 /* Foto.swift */,
				535BFEA01CF225F100AF3AE5 /* vwCell.swift */,
				53EAA9A31CF2CC09002C6FA9 /* PictureViewController.swift */,
				5399D7351CF9D5E40040C615 /* SitiosTableVController.swift */,
				5370B15E1D16FF350023B5DB /* MapaPageViewController.swift */,
				5370B1601D170B9F0023B5DB /* MapaTableViewController.swift */,
				534E9AD31D1BE9ED005301A4 /* SitioGlobalViewController.swift */,
				534E9AD51D1C09F5005301A4 /* PinAnnotation.swift */,
				534E9ADB1D1C62E7005301A4 /* Valoracion.swift */,
				53FC46161D1C82CD00E6F281 /* PopOverViewController.swift */,
				53501CF21D1D11B3003C2B61 /* ImageViewController.swift */,
			);
			path = pec;
			sourceTree = "<group>";
		};
		53E587571CBD53E00027E676 /* pecTests */ = {
			isa = PBXGroup;
			children = (
				53E587581CBD53E00027E676 /* pecTests.swift */,
				53E5875A1CBD53E00027E676 /* Info.plist */,
			);
			path = pecTests;
			sourceTree = "<group>";
		};
		53E587621CBD53E00027E676 /* pecUITests */ = {
			isa = PBXGroup;
			children = (
				53E587631CBD53E00027E676 /* pecUITests.swift */,
				53E587651CBD53E00027E676 /* Info.plist */,
			);
			path = pecUITests;
			sourceTree = "<group>";
		};
/* End PBXGroup section */

/* Begin PBXNativeTarget section */
		53E5873F1CBD53E00027E676 /* pec */ = {
			isa = PBXNativeTarget;
			buildConfigurationList = 53E587681CBD53E00027E676 /* Build configuration list for PBXNativeTarget "pec" */;
			buildPhases = (
				53E5873C1CBD53E00027E676 /* Sources */,
				53E5873D1CBD53E00027E676 /* Frameworks */,
				53E5873E1CBD53E00027E676 /* Resources */,
			);
			buildRules = (
			);
			dependencies = (
			);
			name = pec;
			productName = practica1;
			productReference = 53E587401CBD53E00027E676 /* pec.app */;
			productType = "com.apple.product-type.application";
		};
		53E587531CBD53E00027E676 /* pecTests */ = {
			isa = PBXNativeTarget;
			buildConfigurationList = 53E5876B1CBD53E00027E676 /* Build configuration list for PBXNativeTarget "pecTests" */;
			buildPhases = (
				53E587501CBD53E00027E676 /* Sources */,
				53E587511CBD53E00027E676 /* Frameworks */,
				53E587521CBD53E00027E676 /* Resources */,
			);
			buildRules = (
			);
			dependencies = (
				53E587561CBD53E00027E676 /* PBXTargetDependency */,
			);
			name = pecTests;
			productName = practica1Tests;
			productReference = 53E587541CBD53E00027E676 /* pec.xctest */;
			productType = "com.apple.product-type.bundle.unit-test";
		};
		53E5875E1CBD53E00027E676 /* pecUITests */ = {
			isa = PBXNativeTarget;
			buildConfigurationList = 53E5876E1CBD53E00027E676 /* Build configuration list for PBXNativeTarget "pecUITests" */;
			buildPhases = (
				53E5875B1CBD53E00027E676 /* Sources */,
				53E5875C1CBD53E00027E676 /* Frameworks */,
				53E5875D1CBD53E00027E676 /* Resources */,
			);
			buildRules = (
			);
			dependencies = (
				53E587611CBD53E00027E676 /* PBXTargetDependency */,
			);
			name = pecUITests;
			productName = practica1UITests;
			productReference = 53E5875F1CBD53E00027E676 /* pec.xctest */;
			productType = "com.apple.product-type.bundle.ui-testing";
		};
/* End PBXNativeTarget section */

/* Begin PBXProject section */
		53E587381CBD53E00027E676 /* Project object */ = {
			isa = PBXProject;
			attributes = {
				LastSwiftUpdateCheck = 0720;
				LastUpgradeCheck = 0720;
				ORGANIZATIONNAME = uoc;
				TargetAttributes = {
					53E5873F1CBD53E00027E676 = {
						CreatedOnToolsVersion = 7.2.1;
					};
					53E587531CBD53E00027E676 = {
						CreatedOnToolsVersion = 7.2.1;
						TestTargetID = 53E5873F1CBD53E00027E676;
					};
					53E5875E1CBD53E00027E676 = {
						CreatedOnToolsVersion = 7.2.1;
						TestTargetID = 53E5873F1CBD53E00027E676;
					};
				};
			};
			buildConfigurationList = 53E5873B1CBD53E00027E676 /* Build configuration list for PBXProject "pec" */;
			compatibilityVersion = "Xcode 3.2";
			developmentRegion = English;
			hasScannedForEncodings = 0;
			knownRegions = (
				en,
				Base,
			);
			mainGroup = 53E587371CBD53E00027E676;
			productRefGroup = 53E587411CBD53E00027E676 /* Products */;
			projectDirPath = "";
			projectRoot = "";
			targets = (
				53E5873F1CBD53E00027E676 /* pec */,
				53E587531CBD53E00027E676 /* pecTests */,
				53E5875E1CBD53E00027E676 /* pecUITests */,
			);
		};
/* End PBXProject section */

/* Begin PBXResourcesBuildPhase section */
		53E5873E1CBD53E00027E676 /* Resources */ = {
			isa = PBXResourcesBuildPhase;
			buildActionMask = 2147483647;
			files = (
				53E5874E1CBD53E00027E676 /* LaunchScreen.storyboard in Resources */,
				53E5874B1CBD53E00027E676 /* Assets.xcassets in Resources */,
				53E587491CBD53E00027E676 /* Main.storyboard in Resources */,
			);
			runOnlyForDeploymentPostprocessing = 0;
		};
		53E587521CBD53E00027E676 /* Resources */ = {
			isa = PBXResourcesBuildPhase;
			buildActionMask = 2147483647;
			files = (
			);
			runOnlyForDeploymentPostprocessing = 0;
		};
		53E5875D1CBD53E00027E676 /* Resources */ = {
			isa = PBXResourcesBuildPhase;
			buildActionMask = 2147483647;
			files = (
			);
			runOnlyForDeploymentPostprocessing = 0;
		};
/* End PBXResourcesBuildPhase section */

/* Begin PBXSourcesBuildPhase section */
		53E5873C1CBD53E00027E676 /* Sources */ = {
			isa = PBXSourcesBuildPhase;
			buildActionMask = 2147483647;
			files = (
				53D2C0D01CC10A3400119880 /* UserViewController.swift in Sources */,
				53D2C0D21CC10E8800119880 /* MapaViewController.swift in Sources */,
				5370B15F1D16FF350023B5DB /* MapaPageViewController.swift in Sources */,
				53D2C0CA1CC0BD1400119880 /* RegistroViewController.swift in Sources */,
				53FC46171D1C82CD00E6F281 /* PopOverViewController.swift in Sources */,
				53D2C0D61CC10EC100119880 /* InfoViewController.swift in Sources */,
				53501CF31D1D11B3003C2B61 /* ImageViewController.swift in Sources */,
				53E587461CBD53E00027E676 /* ViewController.swift in Sources */,
				532CF74E1CEBC0CD000CABE7 /* Foto.swift in Sources */,
				53D2C0CE1CC0F54800119880 /* MainViewController.swift in Sources */,
				534E9AD41D1BE9ED005301A4 /* SitioGlobalViewController.swift in Sources */,
				5399D7361CF9D5E40040C615 /* SitiosTableVController.swift in Sources */,
				532CF74A1CEBB7A9000CABE7 /* NewSiteViewController.swift in Sources */,
				532CF74C1CEBC0BE000CABE7 /* Sitio.swift in Sources */,
				534E9ADC1D1C62E7005301A4 /* Valoracion.swift in Sources */,
				53D2C0CC1CC0D3E700119880 /* Global.swift in Sources */,
				53E587441CBD53E00027E676 /* AppDelegate.swift in Sources */,
				53EAA9A41CF2CC09002C6FA9 /* PictureViewController.swift in Sources */,
				535BFEA11CF225F100AF3AE5 /* vwCell.swift in Sources */,
				53D2C0D41CC10EAA00119880 /* SitioViewController.swift in Sources */,
				5370B1611D170B9F0023B5DB /* MapaTableViewController.swift in Sources */,
				534E9ADA1D1C345A005301A4 /* FloatRatingView.swift in Sources */,
				534E9AD61D1C09F5005301A4 /* PinAnnotation.swift in Sources */,
			);
			runOnlyForDeploymentPostprocessing = 0;
		};
		53E587501CBD53E00027E676 /* Sources */ = {
			isa = PBXSourcesBuildPhase;
			buildActionMask = 2147483647;
			files = (
				53E587591CBD53E00027E676 /* pecTests.swift in Sources */,
			);
			runOnlyForDeploymentPostprocessing = 0;
		};
		53E5875B1CBD53E00027E676 /* Sources */ = {
			isa = PBXSourcesBuildPhase;
			buildActionMask = 2147483647;
			files = (
				53E587641CBD53E00027E676 /* pecUITests.swift in Sources */,
			);
			runOnlyForDeploymentPostprocessing = 0;
		};
/* End PBXSourcesBuildPhase section */

/* Begin PBXTargetDependency section */
		53E587561CBD53E00027E676 /* PBXTargetDependency */ = {
			isa = PBXTargetDependency;
			target = 53E5873F1CBD53E00027E676 /* pec */;
			targetProxy = 53E587551CBD53E00027E676 /* PBXContainerItemProxy */;
		};
		53E587611CBD53E00027E676 /* PBXTargetDependency */ = {
			isa = PBXTargetDependency;
			target = 53E5873F1CBD53E00027E676 /* pec */;
			targetProxy = 53E587601CBD53E00027E676 /* PBXContainerItemProxy */;
		};
/* End PBXTargetDependency section */

/* Begin PBXVariantGroup section */
		53E587471CBD53E00027E676 /* Main.storyboard */ = {
			isa = PBXVariantGroup;
			children = (
				53E587481CBD53E00027E676 /* Base */,
			);
			name = Main.storyboard;
			sourceTree = "<group>";
		};
		53E5874C1CBD53E00027E676 /* LaunchScreen.storyboard */ = {
			isa = PBXVariantGroup;
			children = (
				53E5874D1CBD53E00027E676 /* Base */,
			);
			name = LaunchScreen.storyboard;
			sourceTree = "<group>";
		};
/* End PBXVariantGroup section */

/* Begin XCBuildConfiguration section */
		53E587661CBD53E00027E676 /* Debug */ = {
			isa = XCBuildConfiguration;
			buildSettings = {
				ALWAYS_SEARCH_USER_PATHS = NO;
				CLANG_CXX_LANGUAGE_STANDARD = "gnu++0x";
				CLANG_CXX_LIBRARY = "libc++";
				CLANG_ENABLE_MODULES = YES;
				CLANG_ENABLE_OBJC_ARC = YES;
				CLANG_WARN_BOOL_CONVERSION = YES;
				CLANG_WARN_CONSTANT_CONVERSION = YES;
				CLANG_WARN_DIRECT_OBJC_ISA_USAGE = YES_ERROR;
				CLANG_WARN_EMPTY_BODY = YES;
				CLANG_WARN_ENUM_CONVERSION = YES;
				CLANG_WARN_INT_CONVERSION = YES;
				CLANG_WARN_OBJC_ROOT_CLASS = YES_ERROR;
				CLANG_WARN_UNREACHABLE_CODE = YES;
				CLANG_WARN__DUPLICATE_METHOD_MATCH = YES;
				"CODE_SIGN_IDENTITY[sdk=iphoneos*]" = "iPhone Developer";
				COPY_PHASE_STRIP = NO;
				DEBUG_INFORMATION_FORMAT = dwarf;
				ENABLE_STRICT_OBJC_MSGSEND = YES;
				ENABLE_TESTABILITY = YES;
				GCC_C_LANGUAGE_STANDARD = gnu99;
				GCC_DYNAMIC_NO_PIC = NO;
				GCC_NO_COMMON_BLOCKS = YES;
				GCC_OPTIMIZATION_LEVEL = 0;
				GCC_PREPROCESSOR_DEFINITIONS = (
					"DEBUG=1",
					"$(inherited)",
				);
				GCC_WARN_64_TO_32_BIT_CONVERSION = YES;
				GCC_WARN_ABOUT_RETURN_TYPE = YES_ERROR;
				GCC_WARN_UNDECLARED_SELECTOR = YES;
				GCC_WARN_UNINITIALIZED_AUTOS = YES_AGGRESSIVE;
				GCC_WARN_UNUSED_FUNCTION = YES;
				GCC_WARN_UNUSED_VARIABLE = YES;
				IPHONEOS_DEPLOYMENT_TARGET = 9.2;
				MTL_ENABLE_DEBUG_INFO = YES;
				ONLY_ACTIVE_ARCH = YES;
				SDKROOT = iphoneos;
				SWIFT_OPTIMIZATION_LEVEL = "-Onone";
			};
			name = Debug;
		};
		53E587671CBD53E00027E676 /* Release */ = {
			isa = XCBuildConfiguration;
			buildSettings = {
				ALWAYS_SEARCH_USER_PATHS = NO;
				CLANG_CXX_LANGUAGE_STANDARD = "gnu++0x";
				CLANG_CXX_LIBRARY = "libc++";
				CLANG_ENABLE_MODULES = YES;
				CLANG_ENABLE_OBJC_ARC = YES;
				CLANG_WARN_BOOL_CONVERSION = YES;
				CLANG_WARN_CONSTANT_CONVERSION = YES;
				CLANG_WARN_DIRECT_OBJC_ISA_USAGE = YES_ERROR;
				CLANG_WARN_EMPTY_BODY = YES;
				CLANG_WARN_ENUM_CONVERSION = YES;
				CLANG_WARN_INT_CONVERSION = YES;
				CLANG_WARN_OBJC_ROOT_CLASS = YES_ERROR;
				CLANG_WARN_UNREACHABLE_CODE = YES;
				CLANG_WARN__DUPLICATE_METHOD_MATCH = YES;
				"CODE_SIGN_IDENTITY[sdk=iphoneos*]" = "iPhone Developer";
				COPY_PHASE_STRIP = NO;
				DEBUG_INFORMATION_FORMAT = "dwarf-with-dsym";
				ENABLE_NS_ASSERTIONS = NO;
				ENABLE_STRICT_OBJC_MSGSEND = YES;
				GCC_C_LANGUAGE_STANDARD = gnu99;
				GCC_NO_COMMON_BLOCKS = YES;
				GCC_WARN_64_TO_32_BIT_CONVERSION = YES;
				GCC_WARN_ABOUT_RETURN_TYPE = YES_ERROR;
				GCC_WARN_UNDECLARED_SELECTOR = YES;
				GCC_WARN_UNINITIALIZED_AUTOS = YES_AGGRESSIVE;
				GCC_WARN_UNUSED_FUNCTION = YES;
				GCC_WARN_UNUSED_VARIABLE = YES;
				IPHONEOS_DEPLOYMENT_TARGET = 9.2;
				MTL_ENABLE_DEBUG_INFO = NO;
				SDKROOT = iphoneos;
				VALIDATE_PRODUCT = YES;
			};
			name = Release;
		};
		53E587691CBD53E00027E676 /* Debug */ = {
			isa = XCBuildConfiguration;
			buildSettings = {
				ASSETCATALOG_COMPILER_APPICON_NAME = AppIcon;
				INFOPLIST_FILE = "$(SRCROOT)/pec/Info.plist";
				LD_RUNPATH_SEARCH_PATHS = "$(inherited) @executable_path/Frameworks";
				LIBRARY_SEARCH_PATHS = (
					"$(inherited)",
					"$(PROJECT_DIR)/lib/**",
				);
				PRODUCT_BUNDLE_IDENTIFIER = edu.uoc.pec;
				PRODUCT_NAME = pec;
				SWIFT_OBJC_BRIDGING_HEADER = "$(PROJECT_DIR)/lib/backendless/include/Backendless-Bridging-Header.h";
			};
			name = Debug;
		};
		53E5876A1CBD53E00027E676 /* Release */ = {
			isa = XCBuildConfiguration;
			buildSettings = {
				ASSETCATALOG_COMPILER_APPICON_NAME = AppIcon;
				INFOPLIST_FILE = "$(SRCROOT)/pec/Info.plist";
				LD_RUNPATH_SEARCH_PATHS = "$(inherited) @executable_path/Frameworks";
				LIBRARY_SEARCH_PATHS = (
					"$(inherited)",
					"$(PROJECT_DIR)/lib/**",
				);
				PRODUCT_BUNDLE_IDENTIFIER = edu.uoc.pec;
				PRODUCT_NAME = pec;
				SWIFT_OBJC_BRIDGING_HEADER = "$(PROJECT_DIR)/lib/backendless/include/Backendless-Bridging-Header.h";
			};
			name = Release;
		};
		53E5876C1CBD53E00027E676 /* Debug */ = {
			isa = XCBuildConfiguration;
			buildSettings = {
				BUNDLE_LOADER = "$(TEST_HOST)";
				INFOPLIST_FILE = practica1Tests/Info.plist;
				LD_RUNPATH_SEARCH_PATHS = "$(inherited) @executable_path/Frameworks @loader_path/Frameworks";
				PRODUCT_BUNDLE_IDENTIFIER = edu.uoc.practica1Tests;
				PRODUCT_NAME = pec;
				TEST_HOST = "$(BUILT_PRODUCTS_DIR)/pec.app/pec";
			};
			name = Debug;
		};
		53E5876D1CBD53E00027E676 /* Release */ = {
			isa = XCBuildConfiguration;
			buildSettings = {
				BUNDLE_LOADER = "$(TEST_HOST)";
				INFOPLIST_FILE = practica1Tests/Info.plist;
				LD_RUNPATH_SEARCH_PATHS = "$(inherited) @executable_path/Frameworks @loader_path/Frameworks";
				PRODUCT_BUNDLE_IDENTIFIER = edu.uoc.practica1Tests;
				PRODUCT_NAME = pec;
				TEST_HOST = "$(BUILT_PRODUCTS_DIR)/pec.app/pec";
			};
			name = Release;
		};
		53E5876F1CBD53E00027E676 /* Debug */ = {
			isa = XCBuildConfiguration;
			buildSettings = {
				INFOPLIST_FILE = practica1UITests/Info.plist;
				LD_RUNPATH_SEARCH_PATHS = "$(inherited) @executable_path/Frameworks @loader_path/Frameworks";
				PRODUCT_BUNDLE_IDENTIFIER = edu.uoc.practica1UITests;
				PRODUCT_NAME = pec;
				TEST_TARGET_NAME = practica1;
				USES_XCTRUNNER = YES;
			};
			name = Debug;
		};
		53E587701CBD53E00027E676 /* Release */ = {
			isa = XCBuildConfiguration;
			buildSettings = {
				INFOPLIST_FILE = practica1UITests/Info.plist;
				LD_RUNPATH_SEARCH_PATHS = "$(inherited) @executable_path/Frameworks @loader_path/Frameworks";
				PRODUCT_BUNDLE_IDENTIFIER = edu.uoc.practica1UITests;
				PRODUCT_NAME = pec;
				TEST_TARGET_NAME = practica1;
				USES_XCTRUNNER = YES;
			};
			name = Release;
		};
/* End XCBuildConfiguration section */

/* Begin XCConfigurationList section */
		53E5873B1CBD53E00027E676 /* Build configuration list for PBXProject "pec" */ = {
			isa = XCConfigurationList;
			buildConfigurations = (
				53E587661CBD53E00027E676 /* Debug */,
				53E587671CBD53E00027E676 /* Release */,
			);
			defaultConfigurationIsVisible = 0;
			defaultConfigurationName = Release;
		};
		53E587681CBD53E00027E676 /* Build configuration list for PBXNativeTarget "pec" */ = {
			isa = XCConfigurationList;
			buildConfigurations = (
				53E587691CBD53E00027E676 /* Debug */,
				53E5876A1CBD53E00027E676 /* Release */,
			);
			defaultConfigurationIsVisible = 0;
			defaultConfigurationName = Release;
		};
		53E5876B1CBD53E00027E676 /* Build configuration list for PBXNativeTarget "pecTests" */ = {
			isa = XCConfigurationList;
			buildConfigurations = (
				53E5876C1CBD53E00027E676 /* Debug */,
				53E5876D1CBD53E00027E676 /* Release */,
			);
			defaultConfigurationIsVisible = 0;
			defaultConfigurationName = Release;
		};
		53E5876E1CBD53E00027E676 /* Build configuration list for PBXNativeTarget "pecUITests" */ = {
			isa = XCConfigurationList;
			buildConfigurations = (
				53E5876F1CBD53E00027E676 /* Debug */,
				53E587701CBD53E00027E676 /* Release */,
			);
			defaultConfigurationIsVisible = 0;
			defaultConfigurationName = Release;
		};
/* End XCConfigurationList section */
	};
	rootObject = 53E587381CBD53E00027E676 /* Project object */;
}
