// !$*UTF8*$!
{
	archiveVersion = 1;
	classes = {
	};
	objectVersion = 46;
	objects = {

/* Begin PBXBuildFile section */
		53E587441CBD53E00027E676 /* AppDelegate.swift in Sources */ = {isa = PBXBuildFile; fileRef = 53E587431CBD53E00027E676 /* AppDelegate.swift */; };
		53E587461CBD53E00027E676 /* ViewController.swift in Sources */ = {isa = PBXBuildFile; fileRef = 53E587451CBD53E00027E676 /* ViewController.swift */; };
		53E587491CBD53E00027E676 /* Main.storyboard in Resources */ = {isa = PBXBuildFile; fileRef = 53E587471CBD53E00027E676 /* Main.storyboard */; };
		53E5874B1CBD53E00027E676 /* Assets.xcassets in Resources */ = {isa = PBXBuildFile; fileRef = 53E5874A1CBD53E00027E676 /* Assets.xcassets */; };
		53E5874E1CBD53E00027E676 /* LaunchScreen.storyboard in Resources */ = {isa = PBXBuildFile; fileRef = 53E5874C1CBD53E00027E676 /* LaunchScreen.storyboard */; };
		53E587591CBD53E00027E676 /* practica1Tests.swift in Sources */ = {isa = PBXBuildFile; fileRef = 53E587581CBD53E00027E676 /* practica1Tests.swift */; };
		53E587641CBD53E00027E676 /* practica1UITests.swift in Sources */ = {isa = PBXBuildFile; fileRef = 53E587631CBD53E00027E676 /* practica1UITests.swift */; };
/* End PBXBuildFile section */

/* Begin PBXContainerItemProxy section */
		53E587551CBD53E00027E676 /* PBXContainerItemProxy */ = {
			isa = PBXContainerItemProxy;
			containerPortal = 53E587381CBD53E00027E676 /* Project object */;
			proxyType = 1;
			remoteGlobalIDString = 53E5873F1CBD53E00027E676;
			remoteInfo = practica1;
		};
		53E587601CBD53E00027E676 /* PBXContainerItemProxy */ = {
			isa = PBXContainerItemProxy;
			containerPortal = 53E587381CBD53E00027E676 /* Project object */;
			proxyType = 1;
			remoteGlobalIDString = 53E5873F1CBD53E00027E676;
			remoteInfo = practica1;
		};
/* End PBXContainerItemProxy section */

/* Begin PBXFileReference section */
		53E587401CBD53E00027E676 /* practica1.app */ = {isa = PBXFileReference; explicitFileType = wrapper.application; includeInIndex = 0; path = practica1.app; sourceTree = BUILT_PRODUCTS_DIR; };
		53E587431CBD53E00027E676 /* AppDelegate.swift */ = {isa = PBXFileReference; lastKnownFileType = sourcecode.swift; path = AppDelegate.swift; sourceTree = "<group>"; };
		53E587451CBD53E00027E676 /* ViewController.swift */ = {isa = PBXFileReference; lastKnownFileType = sourcecode.swift; path = ViewController.swift; sourceTree = "<group>"; };
		53E587481CBD53E00027E676 /* Base */ = {isa = PBXFileReference; lastKnownFileType = file.storyboard; name = Base; path = Base.lproj/Main.storyboard; sourceTree = "<group>"; };
		53E5874A1CBD53E00027E676 /* Assets.xcassets */ = {isa = PBXFileReference; lastKnownFileType = folder.assetcatalog; path = Assets.xcassets; sourceTree = "<group>"; };
		53E5874D1CBD53E00027E676 /* Base */ = {isa = PBXFileReference; lastKnownFileType = file.storyboard; name = Base; path = Base.lproj/LaunchScreen.storyboard; sourceTree = "<group>"; };
		53E5874F1CBD53E00027E676 /* Info.plist */ = {isa = PBXFileReference; lastKnownFileType = text.plist.xml; path = Info.plist; sourceTree = "<group>"; };
		53E587541CBD53E00027E676 /* practica1Tests.xctest */ = {isa = PBXFileReference; explicitFileType = wrapper.cfbundle; includeInIndex = 0; path = practica1Tests.xctest; sourceTree = BUILT_PRODUCTS_DIR; };
		53E587581CBD53E00027E676 /* practica1Tests.swift */ = {isa = PBXFileReference; lastKnownFileType = sourcecode.swift; path = practica1Tests.swift; sourceTree = "<group>"; };
		53E5875A1CBD53E00027E676 /* Info.plist */ = {isa = PBXFileReference; lastKnownFileType = text.plist.xml; path = Info.plist; sourceTree = "<group>"; };
		53E5875F1CBD53E00027E676 /* practica1UITests.xctest */ = {isa = PBXFileReference; explicitFileType = wrapper.cfbundle; includeInIndex = 0; path = practica1UITests.xctest; sourceTree = BUILT_PRODUCTS_DIR; };
		53E587631CBD53E00027E676 /* practica1UITests.swift */ = {isa = PBXFileReference; lastKnownFileType = sourcecode.swift; path = practica1UITests.swift; sourceTree = "<group>"; };
		53E587651CBD53E00027E676 /* Info.plist */ = {isa = PBXFileReference; lastKnownFileType = text.plist.xml; path = Info.plist; sourceTree = "<group>"; };
/* End PBXFileReference section */

/* Begin PBXFrameworksBuildPhase section */
		53E5873D1CBD53E00027E676 /* Frameworks */ = {
			isa = PBXFrameworksBuildPhase;
			buildActionMask = 2147483647;
			files = (
			);
			runOnlyForDeploymentPostprocessing = 0;
		};
		53E587511CBD53E00027E676 /* Frameworks */ = {
			isa = PBXFrameworksBuildPhase;
			buildActionMask = 2147483647;
			files = (
			);
			runOnlyForDeploymentPostprocessing = 0;
		};
		53E5875C1CBD53E00027E676 /* Frameworks */ = {
			isa = PBXFrameworksBuildPhase;
			buildActionMask = 2147483647;
			files = (
			);
			runOnlyForDeploymentPostprocessing = 0;
		};
/* End PBXFrameworksBuildPhase section */

/* Begin PBXGroup section */
		53E587371CBD53E00027E676 = {
			isa = PBXGroup;
			children = (
				53E587421CBD53E00027E676 /* practica1 */,
				53E587571CBD53E00027E676 /* practica1Tests */,
				53E587621CBD53E00027E676 /* practica1UITests */,
				53E587411CBD53E00027E676 /* Products */,
			);
			sourceTree = "<group>";
		};
		53E587411CBD53E00027E676 /* Products */ = {
			isa = PBXGroup;
			children = (
				53E587401CBD53E00027E676 /* practica1.app */,
				53E587541CBD53E00027E676 /* practica1Tests.xctest */,
				53E5875F1CBD53E00027E676 /* practica1UITests.xctest */,
			);
			name = Products;
			sourceTree = "<group>";
		};
		53E587421CBD53E00027E676 /* practica1 */ = {
			isa = PBXGroup;
			children = (
				53E587431CBD53E00027E676 /* AppDelegate.swift */,
				53E587451CBD53E00027E676 /* ViewController.swift */,
				53E587471CBD53E00027E676 /* Main.storyboard */,
				53E5874A1CBD53E00027E676 /* Assets.xcassets */,
				53E5874C1CBD53E00027E676 /* LaunchScreen.storyboard */,
				53E5874F1CBD53E00027E676 /* Info.plist */,
			);
			path = practica1;
			sourceTree = "<group>";
		};
		53E587571CBD53E00027E676 /* practica1Tests */ = {
			isa = PBXGroup;
			children = (
				53E587581CBD53E00027E676 /* practica1Tests.swift */,
				53E5875A1CBD53E00027E676 /* Info.plist */,
			);
			path = practica1Tests;
			sourceTree = "<group>";
		};
		53E587621CBD53E00027E676 /* practica1UITests */ = {
			isa = PBXGroup;
			children = (
				53E587631CBD53E00027E676 /* practica1UITests.swift */,
				53E587651CBD53E00027E676 /* Info.plist */,
			);
			path = practica1UITests;
			sourceTree = "<group>";
		};
/* End PBXGroup section */

/* Begin PBXNativeTarget section */
		53E5873F1CBD53E00027E676 /* practica1 */ = {
			isa = PBXNativeTarget;
			buildConfigurationList = 53E587681CBD53E00027E676 /* Build configuration list for PBXNativeTarget "practica1" */;
			buildPhases = (
				53E5873C1CBD53E00027E676 /* Sources */,
				53E5873D1CBD53E00027E676 /* Frameworks */,
				53E5873E1CBD53E00027E676 /* Resources */,
			);
			buildRules = (
			);
			dependencies = (
			);
			name = practica1;
			productName = practica1;
			productReference = 53E587401CBD53E00027E676 /* practica1.app */;
			productType = "com.apple.product-type.application";
		};
		53E587531CBD53E00027E676 /* practica1Tests */ = {
			isa = PBXNativeTarget;
			buildConfigurationList = 53E5876B1CBD53E00027E676 /* Build configuration list for PBXNativeTarget "practica1Tests" */;
			buildPhases = (
				53E587501CBD53E00027E676 /* Sources */,
				53E587511CBD53E00027E676 /* Frameworks */,
				53E587521CBD53E00027E676 /* Resources */,
			);
			buildRules = (
			);
			dependencies = (
				53E587561CBD53E00027E676 /* PBXTargetDependency */,
			);
			name = practica1Tests;
			productName = practica1Tests;
			productReference = 53E587541CBD53E00027E676 /* practica1Tests.xctest */;
			productType = "com.apple.product-type.bundle.unit-test";
		};
		53E5875E1CBD53E00027E676 /* practica1UITests */ = {
			isa = PBXNativeTarget;
			buildConfigurationList = 53E5876E1CBD53E00027E676 /* Build configuration list for PBXNativeTarget "practica1UITests" */;
			buildPhases = (
				53E5875B1CBD53E00027E676 /* Sources */,
				53E5875C1CBD53E00027E676 /* Frameworks */,
				53E5875D1CBD53E00027E676 /* Resources */,
			);
			buildRules = (
			);
			dependencies = (
				53E587611CBD53E00027E676 /* PBXTargetDependency */,
			);
			name = practica1UITests;
			productName = practica1UITests;
			productReference = 53E5875F1CBD53E00027E676 /* practica1UITests.xctest */;
			productType = "com.apple.product-type.bundle.ui-testing";
		};
/* End PBXNativeTarget section */

/* Begin PBXProject section */
		53E587381CBD53E00027E676 /* Project object */ = {
			isa = PBXProject;
			attributes = {
				LastSwiftUpdateCheck = 0720;
				LastUpgradeCheck = 0720;
				ORGANIZATIONNAME = uoc;
				TargetAttributes = {
					53E5873F1CBD53E00027E676 = {
						CreatedOnToolsVersion = 7.2.1;
					};
					53E587531CBD53E00027E676 = {
						CreatedOnToolsVersion = 7.2.1;
						TestTargetID = 53E5873F1CBD53E00027E676;
					};
					53E5875E1CBD53E00027E676 = {
						CreatedOnToolsVersion = 7.2.1;
						TestTargetID = 53E5873F1CBD53E00027E676;
					};
				};
			};
			buildConfigurationList = 53E5873B1CBD53E00027E676 /* Build configuration list for PBXProject "practica1" */;
			compatibilityVersion = "Xcode 3.2";
			developmentRegion = English;
			hasScannedForEncodings = 0;
			knownRegions = (
				en,
				Base,
			);
			mainGroup = 53E587371CBD53E00027E676;
			productRefGroup = 53E587411CBD53E00027E676 /* Products */;
			projectDirPath = "";
			projectRoot = "";
			targets = (
				53E5873F1CBD53E00027E676 /* practica1 */,
				53E587531CBD53E00027E676 /* practica1Tests */,
				53E5875E1CBD53E00027E676 /* practica1UITests */,
			);
		};
/* End PBXProject section */

/* Begin PBXResourcesBuildPhase section */
		53E5873E1CBD53E00027E676 /* Resources */ = {
			isa = PBXResourcesBuildPhase;
			buildActionMask = 2147483647;
			files = (
				53E5874E1CBD53E00027E676 /* LaunchScreen.storyboard in Resources */,
				53E5874B1CBD53E00027E676 /* Assets.xcassets in Resources */,
				53E587491CBD53E00027E676 /* Main.storyboard in Resources */,
			);
			runOnlyForDeploymentPostprocessing = 0;
		};
		53E587521CBD53E00027E676 /* Resources */ = {
			isa = PBXResourcesBuildPhase;
			buildActionMask = 2147483647;
			files = (
			);
			runOnlyForDeploymentPostprocessing = 0;
		};
		53E5875D1CBD53E00027E676 /* Resources */ = {
			isa = PBXResourcesBuildPhase;
			buildActionMask = 2147483647;
			files = (
			);
			runOnlyForDeploymentPostprocessing = 0;
		};
/* End PBXResourcesBuildPhase section */

/* Begin PBXSourcesBuildPhase section */
		53E5873C1CBD53E00027E676 /* Sources */ = {
			isa = PBXSourcesBuildPhase;
			buildActionMask = 2147483647;
			files = (
				53E587461CBD53E00027E676 /* ViewController.swift in Sources */,
				53E587441CBD53E00027E676 /* AppDelegate.swift in Sources */,
			);
			runOnlyForDeploymentPostprocessing = 0;
		};
		53E587501CBD53E00027E676 /* Sources */ = {
			isa = PBXSourcesBuildPhase;
			buildActionMask = 2147483647;
			files = (
				53E587591CBD53E00027E676 /* practica1Tests.swift in Sources */,
			);
			runOnlyForDeploymentPostprocessing = 0;
		};
		53E5875B1CBD53E00027E676 /* Sources */ = {
			isa = PBXSourcesBuildPhase;
			buildActionMask = 2147483647;
			files = (
				53E587641CBD53E00027E676 /* practica1UITests.swift in Sources */,
			);
			runOnlyForDeploymentPostprocessing = 0;
		};
/* End PBXSourcesBuildPhase section */

/* Begin PBXTargetDependency section */
		53E587561CBD53E00027E676 /* PBXTargetDependency */ = {
			isa = PBXTargetDependency;
			target = 53E5873F1CBD53E00027E676 /* practica1 */;
			targetProxy = 53E587551CBD53E00027E676 /* PBXContainerItemProxy */;
		};
		53E587611CBD53E00027E676 /* PBXTargetDependency */ = {
			isa = PBXTargetDependency;
			target = 53E5873F1CBD53E00027E676 /* practica1 */;
			targetProxy = 53E587601CBD53E00027E676 /* PBXContainerItemProxy */;
		};
/* End PBXTargetDependency section */

/* Begin PBXVariantGroup section */
		53E587471CBD53E00027E676 /* Main.storyboard */ = {
			isa = PBXVariantGroup;
			children = (
				53E587481CBD53E00027E676 /* Base */,
			);
			name = Main.storyboard;
			sourceTree = "<group>";
		};
		53E5874C1CBD53E00027E676 /* LaunchScreen.storyboard */ = {
			isa = PBXVariantGroup;
			children = (
				53E5874D1CBD53E00027E676 /* Base */,
			);
			name = LaunchScreen.storyboard;
			sourceTree = "<group>";
		};
/* End PBXVariantGroup section */

/* Begin XCBuildConfiguration section */
		53E587661CBD53E00027E676 /* Debug */ = {
			isa = XCBuildConfiguration;
			buildSettings = {
				ALWAYS_SEARCH_USER_PATHS = NO;
				CLANG_CXX_LANGUAGE_STANDARD = "gnu++0x";
				CLANG_CXX_LIBRARY = "libc++";
				CLANG_ENABLE_MODULES = YES;
				CLANG_ENABLE_OBJC_ARC = YES;
				CLANG_WARN_BOOL_CONVERSION = YES;
				CLANG_WARN_CONSTANT_CONVERSION = YES;
				CLANG_WARN_DIRECT_OBJC_ISA_USAGE = YES_ERROR;
				CLANG_WARN_EMPTY_BODY = YES;
				CLANG_WARN_ENUM_CONVERSION = YES;
				CLANG_WARN_INT_CONVERSION = YES;
				CLANG_WARN_OBJC_ROOT_CLASS = YES_ERROR;
				CLANG_WARN_UNREACHABLE_CODE = YES;
				CLANG_WARN__DUPLICATE_METHOD_MATCH = YES;
				"CODE_SIGN_IDENTITY[sdk=iphoneos*]" = "iPhone Developer";
				COPY_PHASE_STRIP = NO;
				DEBUG_INFORMATION_FORMAT = dwarf;
				ENABLE_STRICT_OBJC_MSGSEND = YES;
				ENABLE_TESTABILITY = YES;
				GCC_C_LANGUAGE_STANDARD = gnu99;
				GCC_DYNAMIC_NO_PIC = NO;
				GCC_NO_COMMON_BLOCKS = YES;
				GCC_OPTIMIZATION_LEVEL = 0;
				GCC_PREPROCESSOR_DEFINITIONS = (
					"DEBUG=1",
					"$(inherited)",
				);
				GCC_WARN_64_TO_32_BIT_CONVERSION = YES;
				GCC_WARN_ABOUT_RETURN_TYPE = YES_ERROR;
				GCC_WARN_UNDECLARED_SELECTOR = YES;
				GCC_WARN_UNINITIALIZED_AUTOS = YES_AGGRESSIVE;
				GCC_WARN_UNUSED_FUNCTION = YES;
				GCC_WARN_UNUSED_VARIABLE = YES;
				IPHONEOS_DEPLOYMENT_TARGET = 9.2;
				MTL_ENABLE_DEBUG_INFO = YES;
				ONLY_ACTIVE_ARCH = YES;
				SDKROOT = iphoneos;
				SWIFT_OPTIMIZATION_LEVEL = "-Onone";
			};
			name = Debug;
		};
		53E587671CBD53E00027E676 /* Release */ = {
			isa = XCBuildConfiguration;
			buildSettings = {
				ALWAYS_SEARCH_USER_PATHS = NO;
				CLANG_CXX_LANGUAGE_STANDARD = "gnu++0x";
				CLANG_CXX_LIBRARY = "libc++";
				CLANG_ENABLE_MODULES = YES;
				CLANG_ENABLE_OBJC_ARC = YES;
				CLANG_WARN_BOOL_CONVERSION = YES;
				CLANG_WARN_CONSTANT_CONVERSION = YES;
				CLANG_WARN_DIRECT_OBJC_ISA_USAGE = YES_ERROR;
				CLANG_WARN_EMPTY_BODY = YES;
				CLANG_WARN_ENUM_CONVERSION = YES;
				CLANG_WARN_INT_CONVERSION = YES;
				CLANG_WARN_OBJC_ROOT_CLASS = YES_ERROR;
				CLANG_WARN_UNREACHABLE_CODE = YES;
				CLANG_WARN__DUPLICATE_METHOD_MATCH = YES;
				"CODE_SIGN_IDENTITY[sdk=iphoneos*]" = "iPhone Developer";
				COPY_PHASE_STRIP = NO;
				DEBUG_INFORMATION_FORMAT = "dwarf-with-dsym";
				ENABLE_NS_ASSERTIONS = NO;
				ENABLE_STRICT_OBJC_MSGSEND = YES;
				GCC_C_LANGUAGE_STANDARD = gnu99;
				GCC_NO_COMMON_BLOCKS = YES;
				GCC_WARN_64_TO_32_BIT_CONVERSION = YES;
				GCC_WARN_ABOUT_RETURN_TYPE = YES_ERROR;
				GCC_WARN_UNDECLARED_SELECTOR = YES;
				GCC_WARN_UNINITIALIZED_AUTOS = YES_AGGRESSIVE;
				GCC_WARN_UNUSED_FUNCTION = YES;
				GCC_WARN_UNUSED_VARIABLE = YES;
				IPHONEOS_DEPLOYMENT_TARGET = 9.2;
				MTL_ENABLE_DEBUG_INFO = NO;
				SDKROOT = iphoneos;
				VALIDATE_PRODUCT = YES;
			};
			name = Release;
		};
		53E587691CBD53E00027E676 /* Debug */ = {
			isa = XCBuildConfiguration;
			buildSettings = {
				ASSETCATALOG_COMPILER_APPICON_NAME = AppIcon;
				INFOPLIST_FILE = practica1/Info.plist;
				LD_RUNPATH_SEARCH_PATHS = "$(inherited) @executable_path/Frameworks";
				PRODUCT_BUNDLE_IDENTIFIER = edu.uoc.practica1;
				PRODUCT_NAME = "$(TARGET_NAME)";
			};
			name = Debug;
		};
		53E5876A1CBD53E00027E676 /* Release */ = {
			isa = XCBuildConfiguration;
			buildSettings = {
				ASSETCATALOG_COMPILER_APPICON_NAME = AppIcon;
				INFOPLIST_FILE = practica1/Info.plist;
				LD_RUNPATH_SEARCH_PATHS = "$(inherited) @executable_path/Frameworks";
				PRODUCT_BUNDLE_IDENTIFIER = edu.uoc.practica1;
				PRODUCT_NAME = "$(TARGET_NAME)";
			};
			name = Release;
		};
		53E5876C1CBD53E00027E676 /* Debug */ = {
			isa = XCBuildConfiguration;
			buildSettings = {
				BUNDLE_LOADER = "$(TEST_HOST)";
				INFOPLIST_FILE = practica1Tests/Info.plist;
				LD_RUNPATH_SEARCH_PATHS = "$(inherited) @executable_path/Frameworks @loader_path/Frameworks";
				PRODUCT_BUNDLE_IDENTIFIER = edu.uoc.practica1Tests;
				PRODUCT_NAME = "$(TARGET_NAME)";
				TEST_HOST = "$(BUILT_PRODUCTS_DIR)/practica1.app/practica1";
			};
			name = Debug;
		};
		53E5876D1CBD53E00027E676 /* Release */ = {
			isa = XCBuildConfiguration;
			buildSettings = {
				BUNDLE_LOADER = "$(TEST_HOST)";
				INFOPLIST_FILE = practica1Tests/Info.plist;
				LD_RUNPATH_SEARCH_PATHS = "$(inherited) @executable_path/Frameworks @loader_path/Frameworks";
				PRODUCT_BUNDLE_IDENTIFIER = edu.uoc.practica1Tests;
				PRODUCT_NAME = "$(TARGET_NAME)";
				TEST_HOST = "$(BUILT_PRODUCTS_DIR)/practica1.app/practica1";
			};
			name = Release;
		};
		53E5876F1CBD53E00027E676 /* Debug */ = {
			isa = XCBuildConfiguration;
			buildSettings = {
				INFOPLIST_FILE = practica1UITests/Info.plist;
				LD_RUNPATH_SEARCH_PATHS = "$(inherited) @executable_path/Frameworks @loader_path/Frameworks";
				PRODUCT_BUNDLE_IDENTIFIER = edu.uoc.practica1UITests;
				PRODUCT_NAME = "$(TARGET_NAME)";
				TEST_TARGET_NAME = practica1;
				USES_XCTRUNNER = YES;
			};
			name = Debug;
		};
		53E587701CBD53E00027E676 /* Release */ = {
			isa = XCBuildConfiguration;
			buildSettings = {
				INFOPLIST_FILE = practica1UITests/Info.plist;
				LD_RUNPATH_SEARCH_PATHS = "$(inherited) @executable_path/Frameworks @loader_path/Frameworks";
				PRODUCT_BUNDLE_IDENTIFIER = edu.uoc.practica1UITests;
				PRODUCT_NAME = "$(TARGET_NAME)";
				TEST_TARGET_NAME = practica1;
				USES_XCTRUNNER = YES;
			};
			name = Release;
		};
/* End XCBuildConfiguration section */

/* Begin XCConfigurationList section */
		53E5873B1CBD53E00027E676 /* Build configuration list for PBXProject "practica1" */ = {
			isa = XCConfigurationList;
			buildConfigurations = (
				53E587661CBD53E00027E676 /* Debug */,
				53E587671CBD53E00027E676 /* Release */,
			);
			defaultConfigurationIsVisible = 0;
			defaultConfigurationName = Release;
		};
		53E587681CBD53E00027E676 /* Build configuration list for PBXNativeTarget "practica1" */ = {
			isa = XCConfigurationList;
			buildConfigurations = (
				53E587691CBD53E00027E676 /* Debug */,
				53E5876A1CBD53E00027E676 /* Release */,
			);
			defaultConfigurationIsVisible = 0;
		};
		53E5876B1CBD53E00027E676 /* Build configuration list for PBXNativeTarget "practica1Tests" */ = {
			isa = XCConfigurationList;
			buildConfigurations = (
				53E5876C1CBD53E00027E676 /* Debug */,
				53E5876D1CBD53E00027E676 /* Release */,
			);
			defaultConfigurationIsVisible = 0;
		};
		53E5876E1CBD53E00027E676 /* Build configuration list for PBXNativeTarget "practica1UITests" */ = {
			isa = XCConfigurationList;
			buildConfigurations = (
				53E5876F1CBD53E00027E676 /* Debug */,
				53E587701CBD53E00027E676 /* Release */,
			);
			defaultConfigurationIsVisible = 0;
		};
/* End XCConfigurationList section */
	};
	rootObject = 53E587381CBD53E00027E676 /* Project object */;
}
